// !$*UTF8*$!
{
	archiveVersion = 1;
	classes = {
	};
	objectVersion = 46;
	objects = {

/* Begin PBXBuildFile section */
		8ED7CC3E193AA67700D544CD /* Foundation.framework in Frameworks */ = {isa = PBXBuildFile; fileRef = 8ED7CC3D193AA67700D544CD /* Foundation.framework */; };
		8ED7CC40193AA67700D544CD /* CoreGraphics.framework in Frameworks */ = {isa = PBXBuildFile; fileRef = 8ED7CC3F193AA67700D544CD /* CoreGraphics.framework */; };
		8ED7CC42193AA67700D544CD /* UIKit.framework in Frameworks */ = {isa = PBXBuildFile; fileRef = 8ED7CC41193AA67700D544CD /* UIKit.framework */; };
		8ED7CC48193AA67700D544CD /* InfoPlist.strings in Resources */ = {isa = PBXBuildFile; fileRef = 8ED7CC46193AA67700D544CD /* InfoPlist.strings */; };
		8ED7CC4A193AA67800D544CD /* main.m in Sources */ = {isa = PBXBuildFile; fileRef = 8ED7CC49193AA67800D544CD /* main.m */; };
		8ED7CC4E193AA67800D544CD /* KKAppDelegate.m in Sources */ = {isa = PBXBuildFile; fileRef = 8ED7CC4D193AA67800D544CD /* KKAppDelegate.m */; };
		8ED7CC51193AA67800D544CD /* Main.storyboard in Resources */ = {isa = PBXBuildFile; fileRef = 8ED7CC4F193AA67800D544CD /* Main.storyboard */; };
		8ED7CC56193AA67800D544CD /* Images.xcassets in Resources */ = {isa = PBXBuildFile; fileRef = 8ED7CC55193AA67800D544CD /* Images.xcassets */; };
		8ED7CC5D193AA67800D544CD /* XCTest.framework in Frameworks */ = {isa = PBXBuildFile; fileRef = 8ED7CC5C193AA67800D544CD /* XCTest.framework */; };
		8ED7CC5E193AA67800D544CD /* Foundation.framework in Frameworks */ = {isa = PBXBuildFile; fileRef = 8ED7CC3D193AA67700D544CD /* Foundation.framework */; };
		8ED7CC5F193AA67800D544CD /* UIKit.framework in Frameworks */ = {isa = PBXBuildFile; fileRef = 8ED7CC41193AA67700D544CD /* UIKit.framework */; };
		8ED7CC67193AA67900D544CD /* InfoPlist.strings in Resources */ = {isa = PBXBuildFile; fileRef = 8ED7CC65193AA67900D544CD /* InfoPlist.strings */; };
		8ED7CC69193AA67900D544CD /* UIListView_Challenge_SolutionTests.m in Sources */ = {isa = PBXBuildFile; fileRef = 8ED7CC68193AA67900D544CD /* UIListView_Challenge_SolutionTests.m */; };
		8ED7CC74193AA9F300D544CD /* KKTableViewController.m in Sources */ = {isa = PBXBuildFile; fileRef = 8ED7CC73193AA9F300D544CD /* KKTableViewController.m */; };
/* End PBXBuildFile section */

/* Begin PBXContainerItemProxy section */
		8ED7CC60193AA67800D544CD /* PBXContainerItemProxy */ = {
			isa = PBXContainerItemProxy;
			containerPortal = 8ED7CC32193AA67700D544CD /* Project object */;
			proxyType = 1;
			remoteGlobalIDString = 8ED7CC39193AA67700D544CD;
			remoteInfo = "UIListView Challenge Solution";
		};
/* End PBXContainerItemProxy section */

/* Begin PBXFileReference section */
		8ED7CC3A193AA67700D544CD /* UIListView Challenge Solution.app */ = {isa = PBXFileReference; explicitFileType = wrapper.application; includeInIndex = 0; path = "UIListView Challenge Solution.app"; sourceTree = BUILT_PRODUCTS_DIR; };
		8ED7CC3D193AA67700D544CD /* Foundation.framework */ = {isa = PBXFileReference; lastKnownFileType = wrapper.framework; name = Foundation.framework; path = System/Library/Frameworks/Foundation.framework; sourceTree = SDKROOT; };
		8ED7CC3F193AA67700D544CD /* CoreGraphics.framework */ = {isa = PBXFileReference; lastKnownFileType = wrapper.framework; name = CoreGraphics.framework; path = System/Library/Frameworks/CoreGraphics.framework; sourceTree = SDKROOT; };
		8ED7CC41193AA67700D544CD /* UIKit.framework */ = {isa = PBXFileReference; lastKnownFileType = wrapper.framework; name = UIKit.framework; path = System/Library/Frameworks/UIKit.framework; sourceTree = SDKROOT; };
		8ED7CC45193AA67700D544CD /* UIListView Challenge Solution-Info.plist */ = {isa = PBXFileReference; lastKnownFileType = text.plist.xml; path = "UIListView Challenge Solution-Info.plist"; sourceTree = "<group>"; };
		8ED7CC47193AA67700D544CD /* en */ = {isa = PBXFileReference; lastKnownFileType = text.plist.strings; name = en; path = en.lproj/InfoPlist.strings; sourceTree = "<group>"; };
		8ED7CC49193AA67800D544CD /* main.m */ = {isa = PBXFileReference; lastKnownFileType = sourcecode.c.objc; path = main.m; sourceTree = "<group>"; };
		8ED7CC4B193AA67800D544CD /* UIListView Challenge Solution-Prefix.pch */ = {isa = PBXFileReference; lastKnownFileType = sourcecode.c.h; path = "UIListView Challenge Solution-Prefix.pch"; sourceTree = "<group>"; };
		8ED7CC4C193AA67800D544CD /* KKAppDelegate.h */ = {isa = PBXFileReference; lastKnownFileType = sourcecode.c.h; path = KKAppDelegate.h; sourceTree = "<group>"; };
		8ED7CC4D193AA67800D544CD /* KKAppDelegate.m */ = {isa = PBXFileReference; lastKnownFileType = sourcecode.c.objc; path = KKAppDelegate.m; sourceTree = "<group>"; };
		8ED7CC50193AA67800D544CD /* Base */ = {isa = PBXFileReference; lastKnownFileType = file.storyboard; name = Base; path = Base.lproj/Main.storyboard; sourceTree = "<group>"; };
		8ED7CC55193AA67800D544CD /* Images.xcassets */ = {isa = PBXFileReference; lastKnownFileType = folder.assetcatalog; path = Images.xcassets; sourceTree = "<group>"; };
		8ED7CC5B193AA67800D544CD /* UIListView Challenge SolutionTests.xctest */ = {isa = PBXFileReference; explicitFileType = wrapper.cfbundle; includeInIndex = 0; path = "UIListView Challenge SolutionTests.xctest"; sourceTree = BUILT_PRODUCTS_DIR; };
		8ED7CC5C193AA67800D544CD /* XCTest.framework */ = {isa = PBXFileReference; lastKnownFileType = wrapper.framework; name = XCTest.framework; path = Library/Frameworks/XCTest.framework; sourceTree = DEVELOPER_DIR; };
		8ED7CC64193AA67900D544CD /* UIListView Challenge SolutionTests-Info.plist */ = {isa = PBXFileReference; lastKnownFileType = text.plist.xml; path = "UIListView Challenge SolutionTests-Info.plist"; sourceTree = "<group>"; };
		8ED7CC66193AA67900D544CD /* en */ = {isa = PBXFileReference; lastKnownFileType = text.plist.strings; name = en; path = en.lproj/InfoPlist.strings; sourceTree = "<group>"; };
		8ED7CC68193AA67900D544CD /* UIListView_Challenge_SolutionTests.m */ = {isa = PBXFileReference; lastKnownFileType = sourcecode.c.objc; path = UIListView_Challenge_SolutionTests.m; sourceTree = "<group>"; };
		8ED7CC72193AA9F300D544CD /* KKTableViewController.h */ = {isa = PBXFileReference; fileEncoding = 4; lastKnownFileType = sourcecode.c.h; name = KKTableViewController.h; path = ../KKTableViewController.h; sourceTree = "<group>"; };
		8ED7CC73193AA9F300D544CD /* KKTableViewController.m */ = {isa = PBXFileReference; fileEncoding = 4; lastKnownFileType = sourcecode.c.objc; name = KKTableViewController.m; path = ../KKTableViewController.m; sourceTree = "<group>"; };
/* End PBXFileReference section */

/* Begin PBXFrameworksBuildPhase section */
		8ED7CC37193AA67700D544CD /* Frameworks */ = {
			isa = PBXFrameworksBuildPhase;
			buildActionMask = 2147483647;
			files = (
				8ED7CC40193AA67700D544CD /* CoreGraphics.framework in Frameworks */,
				8ED7CC42193AA67700D544CD /* UIKit.framework in Frameworks */,
				8ED7CC3E193AA67700D544CD /* Foundation.framework in Frameworks */,
			);
			runOnlyForDeploymentPostprocessing = 0;
		};
		8ED7CC58193AA67800D544CD /* Frameworks */ = {
			isa = PBXFrameworksBuildPhase;
			buildActionMask = 2147483647;
			files = (
				8ED7CC5D193AA67800D544CD /* XCTest.framework in Frameworks */,
				8ED7CC5F193AA67800D544CD /* UIKit.framework in Frameworks */,
				8ED7CC5E193AA67800D544CD /* Foundation.framework in Frameworks */,
			);
			runOnlyForDeploymentPostprocessing = 0;
		};
/* End PBXFrameworksBuildPhase section */

/* Begin PBXGroup section */
		8ED7CC31193AA67700D544CD = {
			isa = PBXGroup;
			children = (
				8ED7CC43193AA67700D544CD /* UIListView Challenge Solution */,
				8ED7CC62193AA67800D544CD /* UIListView Challenge SolutionTests */,
				8ED7CC3C193AA67700D544CD /* Frameworks */,
				8ED7CC3B193AA67700D544CD /* Products */,
			);
			sourceTree = "<group>";
		};
		8ED7CC3B193AA67700D544CD /* Products */ = {
			isa = PBXGroup;
			children = (
				8ED7CC3A193AA67700D544CD /* UIListView Challenge Solution.app */,
				8ED7CC5B193AA67800D544CD /* UIListView Challenge SolutionTests.xctest */,
			);
			name = Products;
			sourceTree = "<group>";
		};
		8ED7CC3C193AA67700D544CD /* Frameworks */ = {
			isa = PBXGroup;
			children = (
				8ED7CC3D193AA67700D544CD /* Foundation.framework */,
				8ED7CC3F193AA67700D544CD /* CoreGraphics.framework */,
				8ED7CC41193AA67700D544CD /* UIKit.framework */,
				8ED7CC5C193AA67800D544CD /* XCTest.framework */,
			);
			name = Frameworks;
			sourceTree = "<group>";
		};
		8ED7CC43193AA67700D544CD /* UIListView Challenge Solution */ = {
			isa = PBXGroup;
			children = (
				8ED7CC4C193AA67800D544CD /* KKAppDelegate.h */,
				8ED7CC4D193AA67800D544CD /* KKAppDelegate.m */,
				8ED7CC4F193AA67800D544CD /* Main.storyboard */,
				8ED7CC72193AA9F300D544CD /* KKTableViewController.h */,
				8ED7CC73193AA9F300D544CD /* KKTableViewController.m */,
				8ED7CC55193AA67800D544CD /* Images.xcassets */,
				8ED7CC44193AA67700D544CD /* Supporting Files */,
			);
			path = "UIListView Challenge Solution";
			sourceTree = "<group>";
		};
		8ED7CC44193AA67700D544CD /* Supporting Files */ = {
			isa = PBXGroup;
			children = (
				8ED7CC45193AA67700D544CD /* UIListView Challenge Solution-Info.plist */,
				8ED7CC46193AA67700D544CD /* InfoPlist.strings */,
				8ED7CC49193AA67800D544CD /* main.m */,
				8ED7CC4B193AA67800D544CD /* UIListView Challenge Solution-Prefix.pch */,
			);
			name = "Supporting Files";
			sourceTree = "<group>";
		};
		8ED7CC62193AA67800D544CD /* UIListView Challenge SolutionTests */ = {
			isa = PBXGroup;
			children = (
				8ED7CC68193AA67900D544CD /* UIListView_Challenge_SolutionTests.m */,
				8ED7CC63193AA67900D544CD /* Supporting Files */,
			);
			path = "UIListView Challenge SolutionTests";
			sourceTree = "<group>";
		};
		8ED7CC63193AA67900D544CD /* Supporting Files */ = {
			isa = PBXGroup;
			children = (
				8ED7CC64193AA67900D544CD /* UIListView Challenge SolutionTests-Info.plist */,
				8ED7CC65193AA67900D544CD /* InfoPlist.strings */,
			);
			name = "Supporting Files";
			sourceTree = "<group>";
		};
/* End PBXGroup section */

/* Begin PBXNativeTarget section */
		8ED7CC39193AA67700D544CD /* UIListView Challenge Solution */ = {
			isa = PBXNativeTarget;
			buildConfigurationList = 8ED7CC6C193AA67900D544CD /* Build configuration list for PBXNativeTarget "UIListView Challenge Solution" */;
			buildPhases = (
				8ED7CC36193AA67700D544CD /* Sources */,
				8ED7CC37193AA67700D544CD /* Frameworks */,
				8ED7CC38193AA67700D544CD /* Resources */,
			);
			buildRules = (
			);
			dependencies = (
			);
			name = "UIListView Challenge Solution";
			productName = "UIListView Challenge Solution";
			productReference = 8ED7CC3A193AA67700D544CD /* UIListView Challenge Solution.app */;
			productType = "com.apple.product-type.application";
		};
		8ED7CC5A193AA67800D544CD /* UIListView Challenge SolutionTests */ = {
			isa = PBXNativeTarget;
			buildConfigurationList = 8ED7CC6F193AA67900D544CD /* Build configuration list for PBXNativeTarget "UIListView Challenge SolutionTests" */;
			buildPhases = (
				8ED7CC57193AA67800D544CD /* Sources */,
				8ED7CC58193AA67800D544CD /* Frameworks */,
				8ED7CC59193AA67800D544CD /* Resources */,
			);
			buildRules = (
			);
			dependencies = (
				8ED7CC61193AA67800D544CD /* PBXTargetDependency */,
			);
			name = "UIListView Challenge SolutionTests";
			productName = "UIListView Challenge SolutionTests";
			productReference = 8ED7CC5B193AA67800D544CD /* UIListView Challenge SolutionTests.xctest */;
			productType = "com.apple.product-type.bundle.unit-test";
		};
/* End PBXNativeTarget section */

/* Begin PBXProject section */
		8ED7CC32193AA67700D544CD /* Project object */ = {
			isa = PBXProject;
			attributes = {
				CLASSPREFIX = KK;
				LastUpgradeCheck = 0510;
				ORGANIZATIONNAME = "Kamil Khan";
				TargetAttributes = {
					8ED7CC5A193AA67800D544CD = {
						TestTargetID = 8ED7CC39193AA67700D544CD;
					};
				};
			};
			buildConfigurationList = 8ED7CC35193AA67700D544CD /* Build configuration list for PBXProject "UIListView Challenge Solution" */;
			compatibilityVersion = "Xcode 3.2";
			developmentRegion = English;
			hasScannedForEncodings = 0;
			knownRegions = (
				en,
				Base,
			);
			mainGroup = 8ED7CC31193AA67700D544CD;
			productRefGroup = 8ED7CC3B193AA67700D544CD /* Products */;
			projectDirPath = "";
			projectRoot = "";
			targets = (
				8ED7CC39193AA67700D544CD /* UIListView Challenge Solution */,
				8ED7CC5A193AA67800D544CD /* UIListView Challenge SolutionTests */,
			);
		};
/* End PBXProject section */

/* Begin PBXResourcesBuildPhase section */
		8ED7CC38193AA67700D544CD /* Resources */ = {
			isa = PBXResourcesBuildPhase;
			buildActionMask = 2147483647;
			files = (
				8ED7CC56193AA67800D544CD /* Images.xcassets in Resources */,
				8ED7CC48193AA67700D544CD /* InfoPlist.strings in Resources */,
				8ED7CC51193AA67800D544CD /* Main.storyboard in Resources */,
			);
			runOnlyForDeploymentPostprocessing = 0;
		};
		8ED7CC59193AA67800D544CD /* Resources */ = {
			isa = PBXResourcesBuildPhase;
			buildActionMask = 2147483647;
			files = (
				8ED7CC67193AA67900D544CD /* InfoPlist.strings in Resources */,
			);
			runOnlyForDeploymentPostprocessing = 0;
		};
/* End PBXResourcesBuildPhase section */

/* Begin PBXSourcesBuildPhase section */
		8ED7CC36193AA67700D544CD /* Sources */ = {
			isa = PBXSourcesBuildPhase;
			buildActionMask = 2147483647;
			files = (
				8ED7CC4E193AA67800D544CD /* KKAppDelegate.m in Sources */,
				8ED7CC74193AA9F300D544CD /* KKTableViewController.m in Sources */,
				8ED7CC4A193AA67800D544CD /* main.m in Sources */,
			);
			runOnlyForDeploymentPostprocessing = 0;
		};
		8ED7CC57193AA67800D544CD /* Sources */ = {
			isa = PBXSourcesBuildPhase;
			buildActionMask = 2147483647;
			files = (
				8ED7CC69193AA67900D544CD /* UIListView_Challenge_SolutionTests.m in Sources */,
			);
			runOnlyForDeploymentPostprocessing = 0;
		};
/* End PBXSourcesBuildPhase section */

/* Begin PBXTargetDependency section */
		8ED7CC61193AA67800D544CD /* PBXTargetDependency */ = {
			isa = PBXTargetDependency;
			target = 8ED7CC39193AA67700D544CD /* UIListView Challenge Solution */;
			targetProxy = 8ED7CC60193AA67800D544CD /* PBXContainerItemProxy */;
		};
/* End PBXTargetDependency section */

/* Begin PBXVariantGroup section */
		8ED7CC46193AA67700D544CD /* InfoPlist.strings */ = {
			isa = PBXVariantGroup;
			children = (
				8ED7CC47193AA67700D544CD /* en */,
			);
			name = InfoPlist.strings;
			sourceTree = "<group>";
		};
		8ED7CC4F193AA67800D544CD /* Main.storyboard */ = {
			isa = PBXVariantGroup;
			children = (
				8ED7CC50193AA67800D544CD /* Base */,
			);
			name = Main.storyboard;
			sourceTree = "<group>";
		};
		8ED7CC65193AA67900D544CD /* InfoPlist.strings */ = {
			isa = PBXVariantGroup;
			children = (
				8ED7CC66193AA67900D544CD /* en */,
			);
			name = InfoPlist.strings;
			sourceTree = "<group>";
		};
/* End PBXVariantGroup section */

/* Begin XCBuildConfiguration section */
		8ED7CC6A193AA67900D544CD /* Debug */ = {
			isa = XCBuildConfiguration;
			buildSettings = {
				ALWAYS_SEARCH_USER_PATHS = NO;
				CLANG_CXX_LANGUAGE_STANDARD = "gnu++0x";
				CLANG_CXX_LIBRARY = "libc++";
				CLANG_ENABLE_MODULES = YES;
				CLANG_ENABLE_OBJC_ARC = YES;
				CLANG_WARN_BOOL_CONVERSION = YES;
				CLANG_WARN_CONSTANT_CONVERSION = YES;
				CLANG_WARN_DIRECT_OBJC_ISA_USAGE = YES_ERROR;
				CLANG_WARN_EMPTY_BODY = YES;
				CLANG_WARN_ENUM_CONVERSION = YES;
				CLANG_WARN_INT_CONVERSION = YES;
				CLANG_WARN_OBJC_ROOT_CLASS = YES_ERROR;
				CLANG_WARN__DUPLICATE_METHOD_MATCH = YES;
				"CODE_SIGN_IDENTITY[sdk=iphoneos*]" = "iPhone Developer";
				COPY_PHASE_STRIP = NO;
				GCC_C_LANGUAGE_STANDARD = gnu99;
				GCC_DYNAMIC_NO_PIC = NO;
				GCC_OPTIMIZATION_LEVEL = 0;
				GCC_PREPROCESSOR_DEFINITIONS = (
					"DEBUG=1",
					"$(inherited)",
				);
				GCC_SYMBOLS_PRIVATE_EXTERN = NO;
				GCC_WARN_64_TO_32_BIT_CONVERSION = YES;
				GCC_WARN_ABOUT_RETURN_TYPE = YES_ERROR;
				GCC_WARN_UNDECLARED_SELECTOR = YES;
				GCC_WARN_UNINITIALIZED_AUTOS = YES_AGGRESSIVE;
				GCC_WARN_UNUSED_FUNCTION = YES;
				GCC_WARN_UNUSED_VARIABLE = YES;
				IPHONEOS_DEPLOYMENT_TARGET = 7.1;
				ONLY_ACTIVE_ARCH = YES;
				SDKROOT = iphoneos;
			};
			name = Debug;
		};
		8ED7CC6B193AA67900D544CD /* Release */ = {
			isa = XCBuildConfiguration;
			buildSettings = {
				ALWAYS_SEARCH_USER_PATHS = NO;
				CLANG_CXX_LANGUAGE_STANDARD = "gnu++0x";
				CLANG_CXX_LIBRARY = "libc++";
				CLANG_ENABLE_MODULES = YES;
				CLANG_ENABLE_OBJC_ARC = YES;
				CLANG_WARN_BOOL_CONVERSION = YES;
				CLANG_WARN_CONSTANT_CONVERSION = YES;
				CLANG_WARN_DIRECT_OBJC_ISA_USAGE = YES_ERROR;
				CLANG_WARN_EMPTY_BODY = YES;
				CLANG_WARN_ENUM_CONVERSION = YES;
				CLANG_WARN_INT_CONVERSION = YES;
				CLANG_WARN_OBJC_ROOT_CLASS = YES_ERROR;
				CLANG_WARN__DUPLICATE_METHOD_MATCH = YES;
				"CODE_SIGN_IDENTITY[sdk=iphoneos*]" = "iPhone Developer";
				COPY_PHASE_STRIP = YES;
				ENABLE_NS_ASSERTIONS = NO;
				GCC_C_LANGUAGE_STANDARD = gnu99;
				GCC_WARN_64_TO_32_BIT_CONVERSION = YES;
				GCC_WARN_ABOUT_RETURN_TYPE = YES_ERROR;
				GCC_WARN_UNDECLARED_SELECTOR = YES;
				GCC_WARN_UNINITIALIZED_AUTOS = YES_AGGRESSIVE;
				GCC_WARN_UNUSED_FUNCTION = YES;
				GCC_WARN_UNUSED_VARIABLE = YES;
				IPHONEOS_DEPLOYMENT_TARGET = 7.1;
				SDKROOT = iphoneos;
				VALIDATE_PRODUCT = YES;
			};
			name = Release;
		};
		8ED7CC6D193AA67900D544CD /* Debug */ = {
			isa = XCBuildConfiguration;
			buildSettings = {
				ASSETCATALOG_COMPILER_APPICON_NAME = AppIcon;
				ASSETCATALOG_COMPILER_LAUNCHIMAGE_NAME = LaunchImage;
				GCC_PRECOMPILE_PREFIX_HEADER = YES;
				GCC_PREFIX_HEADER = "UIListView Challenge Solution/UIListView Challenge Solution-Prefix.pch";
				INFOPLIST_FILE = "UIListView Challenge Solution/UIListView Challenge Solution-Info.plist";
				PRODUCT_NAME = "$(TARGET_NAME)";
				WRAPPER_EXTENSION = app;
			};
			name = Debug;
		};
		8ED7CC6E193AA67900D544CD /* Release */ = {
			isa = XCBuildConfiguration;
			buildSettings = {
				ASSETCATALOG_COMPILER_APPICON_NAME = AppIcon;
				ASSETCATALOG_COMPILER_LAUNCHIMAGE_NAME = LaunchImage;
				GCC_PRECOMPILE_PREFIX_HEADER = YES;
				GCC_PREFIX_HEADER = "UIListView Challenge Solution/UIListView Challenge Solution-Prefix.pch";
				INFOPLIST_FILE = "UIListView Challenge Solution/UIListView Challenge Solution-Info.plist";
				PRODUCT_NAME = "$(TARGET_NAME)";
				WRAPPER_EXTENSION = app;
			};
			name = Release;
		};
		8ED7CC70193AA67900D544CD /* Debug */ = {
			isa = XCBuildConfiguration;
			buildSettings = {
				BUNDLE_LOADER = "$(BUILT_PRODUCTS_DIR)/UIListView Challenge Solution.app/UIListView Challenge Solution";
				FRAMEWORK_SEARCH_PATHS = (
					"$(SDKROOT)/Developer/Library/Frameworks",
					"$(inherited)",
					"$(DEVELOPER_FRAMEWORKS_DIR)",
				);
				GCC_PRECOMPILE_PREFIX_HEADER = YES;
				GCC_PREFIX_HEADER = "UIListView Challenge Solution/UIListView Challenge Solution-Prefix.pch";
				GCC_PREPROCESSOR_DEFINITIONS = (
					"DEBUG=1",
					"$(inherited)",
				);
				INFOPLIST_FILE = "UIListView Challenge SolutionTests/UIListView Challenge SolutionTests-Info.plist";
				PRODUCT_NAME = "$(TARGET_NAME)";
				TEST_HOST = "$(BUNDLE_LOADER)";
				WRAPPER_EXTENSION = xctest;
			};
			name = Debug;
		};
		8ED7CC71193AA67900D544CD /* Release */ = {
			isa = XCBuildConfiguration;
			buildSettings = {
				BUNDLE_LOADER = "$(BUILT_PRODUCTS_DIR)/UIListView Challenge Solution.app/UIListView Challenge Solution";
				FRAMEWORK_SEARCH_PATHS = (
					"$(SDKROOT)/Developer/Library/Frameworks",
					"$(inherited)",
					"$(DEVELOPER_FRAMEWORKS_DIR)",
				);
				GCC_PRECOMPILE_PREFIX_HEADER = YES;
				GCC_PREFIX_HEADER = "UIListView Challenge Solution/UIListView Challenge Solution-Prefix.pch";
				INFOPLIST_FILE = "UIListView Challenge SolutionTests/UIListView Challenge SolutionTests-Info.plist";
				PRODUCT_NAME = "$(TARGET_NAME)";
				TEST_HOST = "$(BUNDLE_LOADER)";
				WRAPPER_EXTENSION = xctest;
			};
			name = Release;
		};
/* End XCBuildConfiguration section */

/* Begin XCConfigurationList section */
		8ED7CC35193AA67700D544CD /* Build configuration list for PBXProject "UIListView Challenge Solution" */ = {
			isa = XCConfigurationList;
			buildConfigurations = (
				8ED7CC6A193AA67900D544CD /* Debug */,
				8ED7CC6B193AA67900D544CD /* Release */,
			);
			defaultConfigurationIsVisible = 0;
			defaultConfigurationName = Release;
		};
		8ED7CC6C193AA67900D544CD /* Build configuration list for PBXNativeTarget "UIListView Challenge Solution" */ = {
			isa = XCConfigurationList;
			buildConfigurations = (
				8ED7CC6D193AA67900D544CD /* Debug */,
				8ED7CC6E193AA67900D544CD /* Release */,
			);
			defaultConfigurationIsVisible = 0;
		};
		8ED7CC6F193AA67900D544CD /* Build configuration list for PBXNativeTarget "UIListView Challenge SolutionTests" */ = {
			isa = XCConfigurationList;
			buildConfigurations = (
				8ED7CC70193AA67900D544CD /* Debug */,
				8ED7CC71193AA67900D544CD /* Release */,
			);
			defaultConfigurationIsVisible = 0;
		};
/* End XCConfigurationList section */
	};
	rootObject = 8ED7CC32193AA67700D544CD /* Project object */;
}
